hash: eb49f0151d9c45fbc9545f315a4780e94c28ca8eb0272e395ae242ecc3119361
updated: 2019-08-28T11:51:15.660525+09:00
imports:
- name: github.com/cactus/go-statsd-client
  version: 138b925ccdf617776955904ba7759fce64406cec
  subpackages:
  - statsd
- name: github.com/hashicorp/errwrap
  version: 8a6fb523712970c966eefc6b39ed2c5e74880354
- name: github.com/hashicorp/go-multierror
  version: bdca7bb83f603b80ef756bb953fe1dafa9cd00a2
- name: github.com/hashicorp/hcl
  version: cf7d376da96d9cecec7c7483cec2735efe54a410
  subpackages:
  - hcl/ast
  - hcl/parser
  - hcl/scanner
  - hcl/strconv
  - hcl/token
  - json/parser
  - json/scanner
  - json/token
- name: github.com/jaxxstorm/graphping
  version: 8f0f0a38f53a5bf5c38b2d57aa4ded7eaf6aed10
  subpackages:
  - config
  - ping
- name: github.com/konsorten/go-windows-terminal-sequences
  version: f55edac94c9bbba5d6182a4be46d86a2c9b5b50e
- name: github.com/Sirupsen/logrus
  version: 839c75faf7f98a33d445d181f3018b5c3409a45e
- name: github.com/tatsushid/go-fastping
  version: d7bb493dee3e090e2ffb6914adddf17c1e7c026c
- name: golang.org/x/net
  version: ba9fcec4b297b415637633c5a6e8fa592e4a16c3
  subpackages:
  - bpf
  - icmp
  - internal/iana
  - internal/socket
  - ipv4
  - ipv6
- name: golang.org/x/sys
  version: c7b8b68b14567162c6602a7c5659ee0f26417c18
  subpackages:
  - unix
  - windows
- name: gopkg.in/urfave/cli.v1
  version: e6cf83ec39f6e1158ced1927d4ed14578fda8edb
testImports: []
